PODS:
  - Expecta (0.3.1)
  - GAT-Simple-KML (0.1.0)
  - Specta (0.2.1)

DEPENDENCIES:
  - Expecta
  - GAT-Simple-KML (from `../`)
  - Specta (~> 0.2.1)

EXTERNAL SOURCES:
  GAT-Simple-KML:
    :path: ../

SPEC CHECKSUMS:
  Expecta: 03aabd0a89d8dea843baecb19a7fd7466a69a31d
  GAT-Simple-KML: d5b98f69c4138c8bbdff492ae3f723228c0cdf45
  Specta: 9141310f46b1f68b676650ff2854e1ed0b74163a

COCOAPODS: 0.34.4
